// !$*UTF8*$!
{
	archiveVersion = 1;
	classes = {
	};
	objectVersion = 56;
	objects = {

/* Begin PBXBuildFile section */
		D05F641D29BB62FA00335E0D /* ActivitiesView.swift in Sources */ = {isa = PBXBuildFile; fileRef = D05F641C29BB62FA00335E0D /* ActivitiesView.swift */; };
		D05F642029BB65E100335E0D /* User.swift in Sources */ = {isa = PBXBuildFile; fileRef = D05F641F29BB65E000335E0D /* User.swift */; };
		D05F642229BB65F700335E0D /* Company.swift in Sources */ = {isa = PBXBuildFile; fileRef = D05F642129BB65F700335E0D /* Company.swift */; };
		D05F642429BB69E900335E0D /* CustomAppBar.swift in Sources */ = {isa = PBXBuildFile; fileRef = D05F642329BB69E900335E0D /* CustomAppBar.swift */; };
		D07F3F6E29B7676A009D585F /* Restaurant.swift in Sources */ = {isa = PBXBuildFile; fileRef = D07F3F6D29B7676A009D585F /* Restaurant.swift */; };
		D07F3F7029B7676A009D585F /* LoginView.swift in Sources */ = {isa = PBXBuildFile; fileRef = D07F3F6F29B7676A009D585F /* LoginView.swift */; };
		D07F3F7229B7676D009D585F /* Assets.xcassets in Resources */ = {isa = PBXBuildFile; fileRef = D07F3F7129B7676D009D585F /* Assets.xcassets */; };
		D07F3F7529B7676D009D585F /* Preview Assets.xcassets in Resources */ = {isa = PBXBuildFile; fileRef = D07F3F7429B7676D009D585F /* Preview Assets.xcassets */; };
		D07F3F7F29B7676D009D585F /* HelloWorldTests.swift in Sources */ = {isa = PBXBuildFile; fileRef = D07F3F7E29B7676D009D585F /* HelloWorldTests.swift */; };
		D07F3F8929B7676E009D585F /* HelloWorldUITests.swift in Sources */ = {isa = PBXBuildFile; fileRef = D07F3F8829B7676E009D585F /* HelloWorldUITests.swift */; };
		D07F3F8B29B7676E009D585F /* HelloWorldUITestsLaunchTests.swift in Sources */ = {isa = PBXBuildFile; fileRef = D07F3F8A29B7676E009D585F /* HelloWorldUITestsLaunchTests.swift */; };
		D0A9F50A29CECE3C009CBA5D /* MenusView.swift in Sources */ = {isa = PBXBuildFile; fileRef = D0A9F50929CECE3C009CBA5D /* MenusView.swift */; };
		D0A9F50D29CECE86009CBA5D /* DashboardView.swift in Sources */ = {isa = PBXBuildFile; fileRef = D0A9F50C29CECE86009CBA5D /* DashboardView.swift */; };
		D0A9F50F29CECECF009CBA5D /* OrdersView.swift in Sources */ = {isa = PBXBuildFile; fileRef = D0A9F50E29CECECF009CBA5D /* OrdersView.swift */; };
		D0A9F51129CECEFE009CBA5D /* menuItemView.swift in Sources */ = {isa = PBXBuildFile; fileRef = D0A9F51029CECEFE009CBA5D /* menuItemView.swift */; };
		D0A9F51329CECF51009CBA5D /* HomePageView.swift in Sources */ = {isa = PBXBuildFile; fileRef = D0A9F51229CECF51009CBA5D /* HomePageView.swift */; };
		D0A9F51529CECFBD009CBA5D /* OtherPartView.swift in Sources */ = {isa = PBXBuildFile; fileRef = D0A9F51429CECFBD009CBA5D /* OtherPartView.swift */; };
		D0A9F51829CED24A009CBA5D /* MenuViewModel.swift in Sources */ = {isa = PBXBuildFile; fileRef = D0A9F51729CED24A009CBA5D /* MenuViewModel.swift */; };
		D0A9F51A29CED30E009CBA5D /* Accompaniment.swift in Sources */ = {isa = PBXBuildFile; fileRef = D0A9F51929CED30E009CBA5D /* Accompaniment.swift */; };
		D0A9F51C29CED35B009CBA5D /* CartItem.swift in Sources */ = {isa = PBXBuildFile; fileRef = D0A9F51B29CED35B009CBA5D /* CartItem.swift */; };
		D0A9F51E29CED3BE009CBA5D /* MenuItem.swift in Sources */ = {isa = PBXBuildFile; fileRef = D0A9F51D29CED3BE009CBA5D /* MenuItem.swift */; };
		D0A9F52029CED480009CBA5D /* Sauce.swift in Sources */ = {isa = PBXBuildFile; fileRef = D0A9F51F29CED480009CBA5D /* Sauce.swift */; };
		D0A9F52229CED4D9009CBA5D /* OrderItem.swift in Sources */ = {isa = PBXBuildFile; fileRef = D0A9F52129CED4D9009CBA5D /* OrderItem.swift */; };
		D0A9F52429CED52E009CBA5D /* Order.swift in Sources */ = {isa = PBXBuildFile; fileRef = D0A9F52329CED52E009CBA5D /* Order.swift */; };
		D0A9F52629CED59B009CBA5D /* DashboardStats.swift in Sources */ = {isa = PBXBuildFile; fileRef = D0A9F52529CED59B009CBA5D /* DashboardStats.swift */; };
		D0A9F52829CED5F7009CBA5D /* ServiceTable.swift in Sources */ = {isa = PBXBuildFile; fileRef = D0A9F52729CED5F7009CBA5D /* ServiceTable.swift */; };
		D0A9F52A29CED63D009CBA5D /* Table.swift in Sources */ = {isa = PBXBuildFile; fileRef = D0A9F52929CED63D009CBA5D /* Table.swift */; };
		D0A9F52C29CED673009CBA5D /* Category.swift in Sources */ = {isa = PBXBuildFile; fileRef = D0A9F52B29CED673009CBA5D /* Category.swift */; };
		D0A9F52F29CED6FE009CBA5D /* Urls.swift in Sources */ = {isa = PBXBuildFile; fileRef = D0A9F52E29CED6FD009CBA5D /* Urls.swift */; };
		D0A9F53229CED93A009CBA5D /* LiveData.swift in Sources */ = {isa = PBXBuildFile; fileRef = D0A9F53129CED93A009CBA5D /* LiveData.swift */; };
		D0A9F53429CEE4B1009CBA5D /* AccompanimentSauceResponse.swift in Sources */ = {isa = PBXBuildFile; fileRef = D0A9F53329CEE4B1009CBA5D /* AccompanimentSauceResponse.swift */; };
		D0A9F53629CEE6E8009CBA5D /* TablesResponse.swift in Sources */ = {isa = PBXBuildFile; fileRef = D0A9F53529CEE6E8009CBA5D /* TablesResponse.swift */; };
		D0A9F53829CEE837009CBA5D /* CategoriesResponse.swift in Sources */ = {isa = PBXBuildFile; fileRef = D0A9F53729CEE837009CBA5D /* CategoriesResponse.swift */; };
		D0A9F53A29CEEA4A009CBA5D /* SearchView.swift in Sources */ = {isa = PBXBuildFile; fileRef = D0A9F53929CEEA4A009CBA5D /* SearchView.swift */; };
		D0A9F53C29CEEA77009CBA5D /* CategoryList.swift in Sources */ = {isa = PBXBuildFile; fileRef = D0A9F53B29CEEA77009CBA5D /* CategoryList.swift */; };
		D0A9F53E29CEEA91009CBA5D /* CategoryItem.swift in Sources */ = {isa = PBXBuildFile; fileRef = D0A9F53D29CEEA91009CBA5D /* CategoryItem.swift */; };
		D0A9F54029CEEAAF009CBA5D /* MenuGrid.swift in Sources */ = {isa = PBXBuildFile; fileRef = D0A9F53F29CEEAAF009CBA5D /* MenuGrid.swift */; };
		D0A9F54229CEEB11009CBA5D /* CartButton.swift in Sources */ = {isa = PBXBuildFile; fileRef = D0A9F54129CEEB11009CBA5D /* CartButton.swift */; };
		D0A9F54429CEFCCA009CBA5D /* URLImage.swift in Sources */ = {isa = PBXBuildFile; fileRef = D0A9F54329CEFCCA009CBA5D /* URLImage.swift */; };
		D0BE855429CF380800144E9D /* ToastMessageView.swift in Sources */ = {isa = PBXBuildFile; fileRef = D0BE855329CF380800144E9D /* ToastMessageView.swift */; };
		D0BE855629D0706000144E9D /* CrossedForksShape.swift in Sources */ = {isa = PBXBuildFile; fileRef = D0BE855529D0706000144E9D /* CrossedForksShape.swift */; };
		D0BE855829D070BB00144E9D /* CrossedForksView.swift in Sources */ = {isa = PBXBuildFile; fileRef = D0BE855729D070BB00144E9D /* CrossedForksView.swift */; };
		D0BE856329D079AA00144E9D /* CheckoutView.swift in Sources */ = {isa = PBXBuildFile; fileRef = D0BE856229D079AA00144E9D /* CheckoutView.swift */; };
		D0BE856429D079AA00144E9D /* CheckoutView.swift in Sources */ = {isa = PBXBuildFile; fileRef = D0BE856229D079AA00144E9D /* CheckoutView.swift */; };
		D0BE856529D079AA00144E9D /* CheckoutView.swift in Sources */ = {isa = PBXBuildFile; fileRef = D0BE856229D079AA00144E9D /* CheckoutView.swift */; };
		D0BE856729D07B8800144E9D /* CartItemView.swift in Sources */ = {isa = PBXBuildFile; fileRef = D0BE856629D07B8800144E9D /* CartItemView.swift */; };
		D0BE856829D07B8900144E9D /* CartItemView.swift in Sources */ = {isa = PBXBuildFile; fileRef = D0BE856629D07B8800144E9D /* CartItemView.swift */; };
		D0BE856929D07B8900144E9D /* CartItemView.swift in Sources */ = {isa = PBXBuildFile; fileRef = D0BE856629D07B8800144E9D /* CartItemView.swift */; };
/* End PBXBuildFile section */

/* Begin PBXContainerItemProxy section */
		D07F3F7B29B7676D009D585F /* PBXContainerItemProxy */ = {
			isa = PBXContainerItemProxy;
			containerPortal = D07F3F6229B7676A009D585F /* Project object */;
			proxyType = 1;
			remoteGlobalIDString = D07F3F6929B7676A009D585F;
			remoteInfo = HelloWorld;
		};
		D07F3F8529B7676D009D585F /* PBXContainerItemProxy */ = {
			isa = PBXContainerItemProxy;
			containerPortal = D07F3F6229B7676A009D585F /* Project object */;
			proxyType = 1;
			remoteGlobalIDString = D07F3F6929B7676A009D585F;
			remoteInfo = HelloWorld;
		};
/* End PBXContainerItemProxy section */

/* Begin PBXFileReference section */
		D05F641C29BB62FA00335E0D /* ActivitiesView.swift */ = {isa = PBXFileReference; lastKnownFileType = sourcecode.swift; path = ActivitiesView.swift; sourceTree = "<group>"; };
		D05F641F29BB65E000335E0D /* User.swift */ = {isa = PBXFileReference; lastKnownFileType = sourcecode.swift; path = User.swift; sourceTree = "<group>"; };
		D05F642129BB65F700335E0D /* Company.swift */ = {isa = PBXFileReference; lastKnownFileType = sourcecode.swift; path = Company.swift; sourceTree = "<group>"; };
		D05F642329BB69E900335E0D /* CustomAppBar.swift */ = {isa = PBXFileReference; lastKnownFileType = sourcecode.swift; path = CustomAppBar.swift; sourceTree = "<group>"; };
		D07F3F6A29B7676A009D585F /* HelloWorld.app */ = {isa = PBXFileReference; explicitFileType = wrapper.application; includeInIndex = 0; path = HelloWorld.app; sourceTree = BUILT_PRODUCTS_DIR; };
		D07F3F6D29B7676A009D585F /* Restaurant.swift */ = {isa = PBXFileReference; lastKnownFileType = sourcecode.swift; path = Restaurant.swift; sourceTree = "<group>"; };
		D07F3F6F29B7676A009D585F /* LoginView.swift */ = {isa = PBXFileReference; lastKnownFileType = sourcecode.swift; path = LoginView.swift; sourceTree = "<group>"; };
		D07F3F7129B7676D009D585F /* Assets.xcassets */ = {isa = PBXFileReference; lastKnownFileType = folder.assetcatalog; path = Assets.xcassets; sourceTree = "<group>"; };
		D07F3F7429B7676D009D585F /* Preview Assets.xcassets */ = {isa = PBXFileReference; lastKnownFileType = folder.assetcatalog; path = "Preview Assets.xcassets"; sourceTree = "<group>"; };
		D07F3F7A29B7676D009D585F /* HelloWorldTests.xctest */ = {isa = PBXFileReference; explicitFileType = wrapper.cfbundle; includeInIndex = 0; path = HelloWorldTests.xctest; sourceTree = BUILT_PRODUCTS_DIR; };
		D07F3F7E29B7676D009D585F /* HelloWorldTests.swift */ = {isa = PBXFileReference; lastKnownFileType = sourcecode.swift; path = HelloWorldTests.swift; sourceTree = "<group>"; };
		D07F3F8429B7676D009D585F /* HelloWorldUITests.xctest */ = {isa = PBXFileReference; explicitFileType = wrapper.cfbundle; includeInIndex = 0; path = HelloWorldUITests.xctest; sourceTree = BUILT_PRODUCTS_DIR; };
		D07F3F8829B7676E009D585F /* HelloWorldUITests.swift */ = {isa = PBXFileReference; lastKnownFileType = sourcecode.swift; path = HelloWorldUITests.swift; sourceTree = "<group>"; };
		D07F3F8A29B7676E009D585F /* HelloWorldUITestsLaunchTests.swift */ = {isa = PBXFileReference; lastKnownFileType = sourcecode.swift; path = HelloWorldUITestsLaunchTests.swift; sourceTree = "<group>"; };
		D0A9F50929CECE3C009CBA5D /* MenusView.swift */ = {isa = PBXFileReference; lastKnownFileType = sourcecode.swift; path = MenusView.swift; sourceTree = "<group>"; };
		D0A9F50C29CECE86009CBA5D /* DashboardView.swift */ = {isa = PBXFileReference; lastKnownFileType = sourcecode.swift; path = DashboardView.swift; sourceTree = "<group>"; };
		D0A9F50E29CECECF009CBA5D /* OrdersView.swift */ = {isa = PBXFileReference; lastKnownFileType = sourcecode.swift; path = OrdersView.swift; sourceTree = "<group>"; };
		D0A9F51029CECEFE009CBA5D /* menuItemView.swift */ = {isa = PBXFileReference; lastKnownFileType = sourcecode.swift; path = menuItemView.swift; sourceTree = "<group>"; };
		D0A9F51229CECF51009CBA5D /* HomePageView.swift */ = {isa = PBXFileReference; lastKnownFileType = sourcecode.swift; path = HomePageView.swift; sourceTree = "<group>"; };
		D0A9F51429CECFBD009CBA5D /* OtherPartView.swift */ = {isa = PBXFileReference; lastKnownFileType = sourcecode.swift; path = OtherPartView.swift; sourceTree = "<group>"; };
		D0A9F51729CED24A009CBA5D /* MenuViewModel.swift */ = {isa = PBXFileReference; lastKnownFileType = sourcecode.swift; path = MenuViewModel.swift; sourceTree = "<group>"; };
		D0A9F51929CED30E009CBA5D /* Accompaniment.swift */ = {isa = PBXFileReference; lastKnownFileType = sourcecode.swift; path = Accompaniment.swift; sourceTree = "<group>"; };
		D0A9F51B29CED35B009CBA5D /* CartItem.swift */ = {isa = PBXFileReference; lastKnownFileType = sourcecode.swift; path = CartItem.swift; sourceTree = "<group>"; };
		D0A9F51D29CED3BE009CBA5D /* MenuItem.swift */ = {isa = PBXFileReference; lastKnownFileType = sourcecode.swift; path = MenuItem.swift; sourceTree = "<group>"; };
		D0A9F51F29CED480009CBA5D /* Sauce.swift */ = {isa = PBXFileReference; lastKnownFileType = sourcecode.swift; path = Sauce.swift; sourceTree = "<group>"; };
		D0A9F52129CED4D9009CBA5D /* OrderItem.swift */ = {isa = PBXFileReference; lastKnownFileType = sourcecode.swift; path = OrderItem.swift; sourceTree = "<group>"; };
		D0A9F52329CED52E009CBA5D /* Order.swift */ = {isa = PBXFileReference; lastKnownFileType = sourcecode.swift; path = Order.swift; sourceTree = "<group>"; };
		D0A9F52529CED59B009CBA5D /* DashboardStats.swift */ = {isa = PBXFileReference; lastKnownFileType = sourcecode.swift; path = DashboardStats.swift; sourceTree = "<group>"; };
		D0A9F52729CED5F7009CBA5D /* ServiceTable.swift */ = {isa = PBXFileReference; lastKnownFileType = sourcecode.swift; path = ServiceTable.swift; sourceTree = "<group>"; };
		D0A9F52929CED63D009CBA5D /* Table.swift */ = {isa = PBXFileReference; lastKnownFileType = sourcecode.swift; path = Table.swift; sourceTree = "<group>"; };
		D0A9F52B29CED673009CBA5D /* Category.swift */ = {isa = PBXFileReference; lastKnownFileType = sourcecode.swift; path = Category.swift; sourceTree = "<group>"; };
		D0A9F52E29CED6FD009CBA5D /* Urls.swift */ = {isa = PBXFileReference; lastKnownFileType = sourcecode.swift; path = Urls.swift; sourceTree = "<group>"; };
		D0A9F53129CED93A009CBA5D /* LiveData.swift */ = {isa = PBXFileReference; lastKnownFileType = sourcecode.swift; path = LiveData.swift; sourceTree = "<group>"; };
		D0A9F53329CEE4B1009CBA5D /* AccompanimentSauceResponse.swift */ = {isa = PBXFileReference; lastKnownFileType = sourcecode.swift; path = AccompanimentSauceResponse.swift; sourceTree = "<group>"; };
		D0A9F53529CEE6E8009CBA5D /* TablesResponse.swift */ = {isa = PBXFileReference; lastKnownFileType = sourcecode.swift; path = TablesResponse.swift; sourceTree = "<group>"; };
		D0A9F53729CEE837009CBA5D /* CategoriesResponse.swift */ = {isa = PBXFileReference; lastKnownFileType = sourcecode.swift; path = CategoriesResponse.swift; sourceTree = "<group>"; };
		D0A9F53929CEEA4A009CBA5D /* SearchView.swift */ = {isa = PBXFileReference; lastKnownFileType = sourcecode.swift; path = SearchView.swift; sourceTree = "<group>"; };
		D0A9F53B29CEEA77009CBA5D /* CategoryList.swift */ = {isa = PBXFileReference; lastKnownFileType = sourcecode.swift; path = CategoryList.swift; sourceTree = "<group>"; };
		D0A9F53D29CEEA91009CBA5D /* CategoryItem.swift */ = {isa = PBXFileReference; lastKnownFileType = sourcecode.swift; path = CategoryItem.swift; sourceTree = "<group>"; };
		D0A9F53F29CEEAAF009CBA5D /* MenuGrid.swift */ = {isa = PBXFileReference; lastKnownFileType = sourcecode.swift; path = MenuGrid.swift; sourceTree = "<group>"; };
		D0A9F54129CEEB11009CBA5D /* CartButton.swift */ = {isa = PBXFileReference; lastKnownFileType = sourcecode.swift; path = CartButton.swift; sourceTree = "<group>"; };
		D0A9F54329CEFCCA009CBA5D /* URLImage.swift */ = {isa = PBXFileReference; lastKnownFileType = sourcecode.swift; path = URLImage.swift; sourceTree = "<group>"; };
		D0BE855329CF380800144E9D /* ToastMessageView.swift */ = {isa = PBXFileReference; lastKnownFileType = sourcecode.swift; path = ToastMessageView.swift; sourceTree = "<group>"; };
		D0BE855529D0706000144E9D /* CrossedForksShape.swift */ = {isa = PBXFileReference; lastKnownFileType = sourcecode.swift; path = CrossedForksShape.swift; sourceTree = "<group>"; };
		D0BE855729D070BB00144E9D /* CrossedForksView.swift */ = {isa = PBXFileReference; lastKnownFileType = sourcecode.swift; path = CrossedForksView.swift; sourceTree = "<group>"; };
		D0BE856229D079AA00144E9D /* CheckoutView.swift */ = {isa = PBXFileReference; lastKnownFileType = sourcecode.swift; path = CheckoutView.swift; sourceTree = "<group>"; };
		D0BE856629D07B8800144E9D /* CartItemView.swift */ = {isa = PBXFileReference; lastKnownFileType = sourcecode.swift; path = CartItemView.swift; sourceTree = "<group>"; };
/* End PBXFileReference section */

/* Begin PBXFrameworksBuildPhase section */
		D07F3F6729B7676A009D585F /* Frameworks */ = {
			isa = PBXFrameworksBuildPhase;
			buildActionMask = 2147483647;
			files = (
			);
			runOnlyForDeploymentPostprocessing = 0;
		};
		D07F3F7729B7676D009D585F /* Frameworks */ = {
			isa = PBXFrameworksBuildPhase;
			buildActionMask = 2147483647;
			files = (
			);
			runOnlyForDeploymentPostprocessing = 0;
		};
		D07F3F8129B7676D009D585F /* Frameworks */ = {
			isa = PBXFrameworksBuildPhase;
			buildActionMask = 2147483647;
			files = (
			);
			runOnlyForDeploymentPostprocessing = 0;
		};
/* End PBXFrameworksBuildPhase section */

/* Begin PBXGroup section */
		D05F641E29BB65B700335E0D /* modles */ = {
			isa = PBXGroup;
			children = (
				D05F642329BB69E900335E0D /* CustomAppBar.swift */,
				D05F641F29BB65E000335E0D /* User.swift */,
				D05F642129BB65F700335E0D /* Company.swift */,
				D0A9F51929CED30E009CBA5D /* Accompaniment.swift */,
				D0A9F51B29CED35B009CBA5D /* CartItem.swift */,
				D0A9F51D29CED3BE009CBA5D /* MenuItem.swift */,
				D0A9F51F29CED480009CBA5D /* Sauce.swift */,
				D0A9F52129CED4D9009CBA5D /* OrderItem.swift */,
				D0A9F52329CED52E009CBA5D /* Order.swift */,
				D0A9F52529CED59B009CBA5D /* DashboardStats.swift */,
				D0A9F52729CED5F7009CBA5D /* ServiceTable.swift */,
				D0A9F52929CED63D009CBA5D /* Table.swift */,
				D0A9F52B29CED673009CBA5D /* Category.swift */,
				D0A9F53329CEE4B1009CBA5D /* AccompanimentSauceResponse.swift */,
				D0A9F53529CEE6E8009CBA5D /* TablesResponse.swift */,
				D0A9F53729CEE837009CBA5D /* CategoriesResponse.swift */,
			);
			path = modles;
			sourceTree = "<group>";
		};
		D07F3F6129B7676A009D585F = {
			isa = PBXGroup;
			children = (
				D07F3F6C29B7676A009D585F /* HelloWorld */,
				D07F3F7D29B7676D009D585F /* HelloWorldTests */,
				D07F3F8729B7676E009D585F /* HelloWorldUITests */,
				D07F3F6B29B7676A009D585F /* Products */,
			);
			sourceTree = "<group>";
		};
		D07F3F6B29B7676A009D585F /* Products */ = {
			isa = PBXGroup;
			children = (
				D07F3F6A29B7676A009D585F /* HelloWorld.app */,
				D07F3F7A29B7676D009D585F /* HelloWorldTests.xctest */,
				D07F3F8429B7676D009D585F /* HelloWorldUITests.xctest */,
			);
			name = Products;
			sourceTree = "<group>";
		};
		D07F3F6C29B7676A009D585F /* HelloWorld */ = {
			isa = PBXGroup;
			children = (
				D0A9F53029CED929009CBA5D /* Helpers */,
				D0A9F52D29CED6E5009CBA5D /* Connections */,
				D0A9F51629CED230009CBA5D /* ViewModels */,
				D0A9F50829CECE21009CBA5D /* Views */,
				D05F641E29BB65B700335E0D /* modles */,
				D07F3F6D29B7676A009D585F /* Restaurant.swift */,
				D07F3F7129B7676D009D585F /* Assets.xcassets */,
				D07F3F7329B7676D009D585F /* Preview Content */,
			);
			path = HelloWorld;
			sourceTree = "<group>";
		};
		D07F3F7329B7676D009D585F /* Preview Content */ = {
			isa = PBXGroup;
			children = (
				D07F3F7429B7676D009D585F /* Preview Assets.xcassets */,
			);
			path = "Preview Content";
			sourceTree = "<group>";
		};
		D07F3F7D29B7676D009D585F /* HelloWorldTests */ = {
			isa = PBXGroup;
			children = (
				D07F3F7E29B7676D009D585F /* HelloWorldTests.swift */,
			);
			path = HelloWorldTests;
			sourceTree = "<group>";
		};
		D07F3F8729B7676E009D585F /* HelloWorldUITests */ = {
			isa = PBXGroup;
			children = (
				D07F3F8829B7676E009D585F /* HelloWorldUITests.swift */,
				D07F3F8A29B7676E009D585F /* HelloWorldUITestsLaunchTests.swift */,
			);
			path = HelloWorldUITests;
			sourceTree = "<group>";
		};
		D0A9F50829CECE21009CBA5D /* Views */ = {
			isa = PBXGroup;
			children = (
				D07F3F6F29B7676A009D585F /* LoginView.swift */,
				D05F641C29BB62FA00335E0D /* ActivitiesView.swift */,
				D0A9F50929CECE3C009CBA5D /* MenusView.swift */,
				D0A9F50C29CECE86009CBA5D /* DashboardView.swift */,
				D0A9F50E29CECECF009CBA5D /* OrdersView.swift */,
				D0A9F51029CECEFE009CBA5D /* menuItemView.swift */,
				D0A9F51229CECF51009CBA5D /* HomePageView.swift */,
				D0A9F51429CECFBD009CBA5D /* OtherPartView.swift */,
				D0A9F53929CEEA4A009CBA5D /* SearchView.swift */,
				D0A9F53B29CEEA77009CBA5D /* CategoryList.swift */,
				D0A9F53D29CEEA91009CBA5D /* CategoryItem.swift */,
				D0A9F53F29CEEAAF009CBA5D /* MenuGrid.swift */,
				D0A9F54129CEEB11009CBA5D /* CartButton.swift */,
				D0BE855329CF380800144E9D /* ToastMessageView.swift */,
				D0BE855729D070BB00144E9D /* CrossedForksView.swift */,
				D0BE856229D079AA00144E9D /* CheckoutView.swift */,
				D0BE856629D07B8800144E9D /* CartItemView.swift */,
			);
			path = Views;
			sourceTree = "<group>";
		};
		D0A9F51629CED230009CBA5D /* ViewModels */ = {
			isa = PBXGroup;
			children = (
				D0A9F51729CED24A009CBA5D /* MenuViewModel.swift */,
			);
			path = ViewModels;
			sourceTree = "<group>";
		};
		D0A9F52D29CED6E5009CBA5D /* Connections */ = {
			isa = PBXGroup;
			children = (
				D0A9F52E29CED6FD009CBA5D /* Urls.swift */,
			);
			path = Connections;
			sourceTree = "<group>";
		};
		D0A9F53029CED929009CBA5D /* Helpers */ = {
			isa = PBXGroup;
			children = (
				D0A9F53129CED93A009CBA5D /* LiveData.swift */,
				D0A9F54329CEFCCA009CBA5D /* URLImage.swift */,
				D0BE855529D0706000144E9D /* CrossedForksShape.swift */,
			);
			path = Helpers;
			sourceTree = "<group>";
		};
/* End PBXGroup section */

/* Begin PBXNativeTarget section */
		D07F3F6929B7676A009D585F /* HelloWorld */ = {
			isa = PBXNativeTarget;
			buildConfigurationList = D07F3F8E29B7676E009D585F /* Build configuration list for PBXNativeTarget "HelloWorld" */;
			buildPhases = (
				D07F3F6629B7676A009D585F /* Sources */,
				D07F3F6729B7676A009D585F /* Frameworks */,
				D07F3F6829B7676A009D585F /* Resources */,
			);
			buildRules = (
			);
			dependencies = (
			);
			name = HelloWorld;
			productName = HelloWorld;
			productReference = D07F3F6A29B7676A009D585F /* HelloWorld.app */;
			productType = "com.apple.product-type.application";
		};
		D07F3F7929B7676D009D585F /* HelloWorldTests */ = {
			isa = PBXNativeTarget;
			buildConfigurationList = D07F3F9129B7676E009D585F /* Build configuration list for PBXNativeTarget "HelloWorldTests" */;
			buildPhases = (
				D07F3F7629B7676D009D585F /* Sources */,
				D07F3F7729B7676D009D585F /* Frameworks */,
				D07F3F7829B7676D009D585F /* Resources */,
			);
			buildRules = (
			);
			dependencies = (
				D07F3F7C29B7676D009D585F /* PBXTargetDependency */,
			);
			name = HelloWorldTests;
			productName = HelloWorldTests;
			productReference = D07F3F7A29B7676D009D585F /* HelloWorldTests.xctest */;
			productType = "com.apple.product-type.bundle.unit-test";
		};
		D07F3F8329B7676D009D585F /* HelloWorldUITests */ = {
			isa = PBXNativeTarget;
			buildConfigurationList = D07F3F9429B7676E009D585F /* Build configuration list for PBXNativeTarget "HelloWorldUITests" */;
			buildPhases = (
				D07F3F8029B7676D009D585F /* Sources */,
				D07F3F8129B7676D009D585F /* Frameworks */,
				D07F3F8229B7676D009D585F /* Resources */,
			);
			buildRules = (
			);
			dependencies = (
				D07F3F8629B7676D009D585F /* PBXTargetDependency */,
			);
			name = HelloWorldUITests;
			productName = HelloWorldUITests;
			productReference = D07F3F8429B7676D009D585F /* HelloWorldUITests.xctest */;
			productType = "com.apple.product-type.bundle.ui-testing";
		};
/* End PBXNativeTarget section */

/* Begin PBXProject section */
		D07F3F6229B7676A009D585F /* Project object */ = {
			isa = PBXProject;
			attributes = {
				BuildIndependentTargetsInParallel = 1;
				LastSwiftUpdateCheck = 1420;
				LastUpgradeCheck = 1420;
				TargetAttributes = {
					D07F3F6929B7676A009D585F = {
						CreatedOnToolsVersion = 14.2;
					};
					D07F3F7929B7676D009D585F = {
						CreatedOnToolsVersion = 14.2;
						TestTargetID = D07F3F6929B7676A009D585F;
					};
					D07F3F8329B7676D009D585F = {
						CreatedOnToolsVersion = 14.2;
						TestTargetID = D07F3F6929B7676A009D585F;
					};
				};
			};
			buildConfigurationList = D07F3F6529B7676A009D585F /* Build configuration list for PBXProject "HelloWorld" */;
			compatibilityVersion = "Xcode 14.0";
			developmentRegion = en;
			hasScannedForEncodings = 0;
			knownRegions = (
				en,
				Base,
			);
			mainGroup = D07F3F6129B7676A009D585F;
			productRefGroup = D07F3F6B29B7676A009D585F /* Products */;
			projectDirPath = "";
			projectRoot = "";
			targets = (
				D07F3F6929B7676A009D585F /* HelloWorld */,
				D07F3F7929B7676D009D585F /* HelloWorldTests */,
				D07F3F8329B7676D009D585F /* HelloWorldUITests */,
			);
		};
/* End PBXProject section */

/* Begin PBXResourcesBuildPhase section */
		D07F3F6829B7676A009D585F /* Resources */ = {
			isa = PBXResourcesBuildPhase;
			buildActionMask = 2147483647;
			files = (
				D07F3F7529B7676D009D585F /* Preview Assets.xcassets in Resources */,
				D07F3F7229B7676D009D585F /* Assets.xcassets in Resources */,
			);
			runOnlyForDeploymentPostprocessing = 0;
		};
		D07F3F7829B7676D009D585F /* Resources */ = {
			isa = PBXResourcesBuildPhase;
			buildActionMask = 2147483647;
			files = (
			);
			runOnlyForDeploymentPostprocessing = 0;
		};
		D07F3F8229B7676D009D585F /* Resources */ = {
			isa = PBXResourcesBuildPhase;
			buildActionMask = 2147483647;
			files = (
			);
			runOnlyForDeploymentPostprocessing = 0;
		};
/* End PBXResourcesBuildPhase section */

/* Begin PBXSourcesBuildPhase section */
		D07F3F6629B7676A009D585F /* Sources */ = {
			isa = PBXSourcesBuildPhase;
			buildActionMask = 2147483647;
			files = (
				D0A9F50A29CECE3C009CBA5D /* MenusView.swift in Sources */,
				D0BE855829D070BB00144E9D /* CrossedForksView.swift in Sources */,
				D0A9F50D29CECE86009CBA5D /* DashboardView.swift in Sources */,
				D0BE855629D0706000144E9D /* CrossedForksShape.swift in Sources */,
				D0A9F53229CED93A009CBA5D /* LiveData.swift in Sources */,
				D0A9F53A29CEEA4A009CBA5D /* SearchView.swift in Sources */,
				D0BE855429CF380800144E9D /* ToastMessageView.swift in Sources */,
				D0A9F54029CEEAAF009CBA5D /* MenuGrid.swift in Sources */,
				D0A9F51529CECFBD009CBA5D /* OtherPartView.swift in Sources */,
				D0A9F52F29CED6FE009CBA5D /* Urls.swift in Sources */,
				D0A9F53629CEE6E8009CBA5D /* TablesResponse.swift in Sources */,
				D0A9F52429CED52E009CBA5D /* Order.swift in Sources */,
				D0BE856729D07B8800144E9D /* CartItemView.swift in Sources */,
				D0A9F53429CEE4B1009CBA5D /* AccompanimentSauceResponse.swift in Sources */,
				D05F642429BB69E900335E0D /* CustomAppBar.swift in Sources */,
				D05F642029BB65E100335E0D /* User.swift in Sources */,
				D0A9F51129CECEFE009CBA5D /* menuItemView.swift in Sources */,
				D05F641D29BB62FA00335E0D /* ActivitiesView.swift in Sources */,
				D0A9F53829CEE837009CBA5D /* CategoriesResponse.swift in Sources */,
				D07F3F7029B7676A009D585F /* LoginView.swift in Sources */,
				D0A9F53E29CEEA91009CBA5D /* CategoryItem.swift in Sources */,
				D05F642229BB65F700335E0D /* Company.swift in Sources */,
				D0A9F52A29CED63D009CBA5D /* Table.swift in Sources */,
				D0BE856329D079AA00144E9D /* CheckoutView.swift in Sources */,
				D0A9F53C29CEEA77009CBA5D /* CategoryList.swift in Sources */,
				D0A9F54229CEEB11009CBA5D /* CartButton.swift in Sources */,
				D0A9F51A29CED30E009CBA5D /* Accompaniment.swift in Sources */,
				D07F3F6E29B7676A009D585F /* Restaurant.swift in Sources */,
				D0A9F52229CED4D9009CBA5D /* OrderItem.swift in Sources */,
				D0A9F52C29CED673009CBA5D /* Category.swift in Sources */,
				D0A9F54429CEFCCA009CBA5D /* URLImage.swift in Sources */,
				D0A9F51829CED24A009CBA5D /* MenuViewModel.swift in Sources */,
				D0A9F51329CECF51009CBA5D /* HomePageView.swift in Sources */,
				D0A9F52029CED480009CBA5D /* Sauce.swift in Sources */,
				D0A9F51E29CED3BE009CBA5D /* MenuItem.swift in Sources */,
				D0A9F52829CED5F7009CBA5D /* ServiceTable.swift in Sources */,
				D0A9F51C29CED35B009CBA5D /* CartItem.swift in Sources */,
				D0A9F52629CED59B009CBA5D /* DashboardStats.swift in Sources */,
				D0A9F50F29CECECF009CBA5D /* OrdersView.swift in Sources */,
			);
			runOnlyForDeploymentPostprocessing = 0;
		};
		D07F3F7629B7676D009D585F /* Sources */ = {
			isa = PBXSourcesBuildPhase;
			buildActionMask = 2147483647;
			files = (
				D0BE856829D07B8900144E9D /* CartItemView.swift in Sources */,
				D0BE856429D079AA00144E9D /* CheckoutView.swift in Sources */,
				D07F3F7F29B7676D009D585F /* HelloWorldTests.swift in Sources */,
			);
			runOnlyForDeploymentPostprocessing = 0;
		};
		D07F3F8029B7676D009D585F /* Sources */ = {
			isa = PBXSourcesBuildPhase;
			buildActionMask = 2147483647;
			files = (
				D07F3F8B29B7676E009D585F /* HelloWorldUITestsLaunchTests.swift in Sources */,
				D0BE856929D07B8900144E9D /* CartItemView.swift in Sources */,
				D07F3F8929B7676E009D585F /* HelloWorldUITests.swift in Sources */,
				D0BE856529D079AA00144E9D /* CheckoutView.swift in Sources */,
			);
			runOnlyForDeploymentPostprocessing = 0;
		};
/* End PBXSourcesBuildPhase section */

/* Begin PBXTargetDependency section */
		D07F3F7C29B7676D009D585F /* PBXTargetDependency */ = {
			isa = PBXTargetDependency;
			target = D07F3F6929B7676A009D585F /* HelloWorld */;
			targetProxy = D07F3F7B29B7676D009D585F /* PBXContainerItemProxy */;
		};
		D07F3F8629B7676D009D585F /* PBXTargetDependency */ = {
			isa = PBXTargetDependency;
			target = D07F3F6929B7676A009D585F /* HelloWorld */;
			targetProxy = D07F3F8529B7676D009D585F /* PBXContainerItemProxy */;
		};
/* End PBXTargetDependency section */

/* Begin XCBuildConfiguration section */
		D07F3F8C29B7676E009D585F /* Debug */ = {
			isa = XCBuildConfiguration;
			buildSettings = {
				ALWAYS_SEARCH_USER_PATHS = NO;
				CLANG_ANALYZER_NONNULL = YES;
				CLANG_ANALYZER_NUMBER_OBJECT_CONVERSION = YES_AGGRESSIVE;
				CLANG_CXX_LANGUAGE_STANDARD = "gnu++20";
				CLANG_ENABLE_MODULES = YES;
				CLANG_ENABLE_OBJC_ARC = YES;
				CLANG_ENABLE_OBJC_WEAK = YES;
				CLANG_WARN_BLOCK_CAPTURE_AUTORELEASING = YES;
				CLANG_WARN_BOOL_CONVERSION = YES;
				CLANG_WARN_COMMA = YES;
				CLANG_WARN_CONSTANT_CONVERSION = YES;
				CLANG_WARN_DEPRECATED_OBJC_IMPLEMENTATIONS = YES;
				CLANG_WARN_DIRECT_OBJC_ISA_USAGE = YES_ERROR;
				CLANG_WARN_DOCUMENTATION_COMMENTS = YES;
				CLANG_WARN_EMPTY_BODY = YES;
				CLANG_WARN_ENUM_CONVERSION = YES;
				CLANG_WARN_INFINITE_RECURSION = YES;
				CLANG_WARN_INT_CONVERSION = YES;
				CLANG_WARN_NON_LITERAL_NULL_CONVERSION = YES;
				CLANG_WARN_OBJC_IMPLICIT_RETAIN_SELF = YES;
				CLANG_WARN_OBJC_LITERAL_CONVERSION = YES;
				CLANG_WARN_OBJC_ROOT_CLASS = YES_ERROR;
				CLANG_WARN_QUOTED_INCLUDE_IN_FRAMEWORK_HEADER = YES;
				CLANG_WARN_RANGE_LOOP_ANALYSIS = YES;
				CLANG_WARN_STRICT_PROTOTYPES = YES;
				CLANG_WARN_SUSPICIOUS_MOVE = YES;
				CLANG_WARN_UNGUARDED_AVAILABILITY = YES_AGGRESSIVE;
				CLANG_WARN_UNREACHABLE_CODE = YES;
				CLANG_WARN__DUPLICATE_METHOD_MATCH = YES;
				COPY_PHASE_STRIP = NO;
				DEBUG_INFORMATION_FORMAT = dwarf;
				ENABLE_STRICT_OBJC_MSGSEND = YES;
				ENABLE_TESTABILITY = YES;
				GCC_C_LANGUAGE_STANDARD = gnu11;
				GCC_DYNAMIC_NO_PIC = NO;
				GCC_NO_COMMON_BLOCKS = YES;
				GCC_OPTIMIZATION_LEVEL = 0;
				GCC_PREPROCESSOR_DEFINITIONS = (
					"DEBUG=1",
					"$(inherited)",
				);
				GCC_WARN_64_TO_32_BIT_CONVERSION = YES;
				GCC_WARN_ABOUT_RETURN_TYPE = YES_ERROR;
				GCC_WARN_UNDECLARED_SELECTOR = YES;
				GCC_WARN_UNINITIALIZED_AUTOS = YES_AGGRESSIVE;
				GCC_WARN_UNUSED_FUNCTION = YES;
				GCC_WARN_UNUSED_VARIABLE = YES;
				IPHONEOS_DEPLOYMENT_TARGET = 16.2;
				MTL_ENABLE_DEBUG_INFO = INCLUDE_SOURCE;
				MTL_FAST_MATH = YES;
				ONLY_ACTIVE_ARCH = YES;
				SDKROOT = iphoneos;
				SWIFT_ACTIVE_COMPILATION_CONDITIONS = DEBUG;
				SWIFT_OPTIMIZATION_LEVEL = "-Onone";
			};
			name = Debug;
		};
		D07F3F8D29B7676E009D585F /* Release */ = {
			isa = XCBuildConfiguration;
			buildSettings = {
				ALWAYS_SEARCH_USER_PATHS = NO;
				CLANG_ANALYZER_NONNULL = YES;
				CLANG_ANALYZER_NUMBER_OBJECT_CONVERSION = YES_AGGRESSIVE;
				CLANG_CXX_LANGUAGE_STANDARD = "gnu++20";
				CLANG_ENABLE_MODULES = YES;
				CLANG_ENABLE_OBJC_ARC = YES;
				CLANG_ENABLE_OBJC_WEAK = YES;
				CLANG_WARN_BLOCK_CAPTURE_AUTORELEASING = YES;
				CLANG_WARN_BOOL_CONVERSION = YES;
				CLANG_WARN_COMMA = YES;
				CLANG_WARN_CONSTANT_CONVERSION = YES;
				CLANG_WARN_DEPRECATED_OBJC_IMPLEMENTATIONS = YES;
				CLANG_WARN_DIRECT_OBJC_ISA_USAGE = YES_ERROR;
				CLANG_WARN_DOCUMENTATION_COMMENTS = YES;
				CLANG_WARN_EMPTY_BODY = YES;
				CLANG_WARN_ENUM_CONVERSION = YES;
				CLANG_WARN_INFINITE_RECURSION = YES;
				CLANG_WARN_INT_CONVERSION = YES;
				CLANG_WARN_NON_LITERAL_NULL_CONVERSION = YES;
				CLANG_WARN_OBJC_IMPLICIT_RETAIN_SELF = YES;
				CLANG_WARN_OBJC_LITERAL_CONVERSION = YES;
				CLANG_WARN_OBJC_ROOT_CLASS = YES_ERROR;
				CLANG_WARN_QUOTED_INCLUDE_IN_FRAMEWORK_HEADER = YES;
				CLANG_WARN_RANGE_LOOP_ANALYSIS = YES;
				CLANG_WARN_STRICT_PROTOTYPES = YES;
				CLANG_WARN_SUSPICIOUS_MOVE = YES;
				CLANG_WARN_UNGUARDED_AVAILABILITY = YES_AGGRESSIVE;
				CLANG_WARN_UNREACHABLE_CODE = YES;
				CLANG_WARN__DUPLICATE_METHOD_MATCH = YES;
				COPY_PHASE_STRIP = NO;
				DEBUG_INFORMATION_FORMAT = "dwarf-with-dsym";
				ENABLE_NS_ASSERTIONS = NO;
				ENABLE_STRICT_OBJC_MSGSEND = YES;
				GCC_C_LANGUAGE_STANDARD = gnu11;
				GCC_NO_COMMON_BLOCKS = YES;
				GCC_WARN_64_TO_32_BIT_CONVERSION = YES;
				GCC_WARN_ABOUT_RETURN_TYPE = YES_ERROR;
				GCC_WARN_UNDECLARED_SELECTOR = YES;
				GCC_WARN_UNINITIALIZED_AUTOS = YES_AGGRESSIVE;
				GCC_WARN_UNUSED_FUNCTION = YES;
				GCC_WARN_UNUSED_VARIABLE = YES;
				IPHONEOS_DEPLOYMENT_TARGET = 16.2;
				MTL_ENABLE_DEBUG_INFO = NO;
				MTL_FAST_MATH = YES;
				SDKROOT = iphoneos;
				SWIFT_COMPILATION_MODE = wholemodule;
				SWIFT_OPTIMIZATION_LEVEL = "-O";
				VALIDATE_PRODUCT = YES;
			};
			name = Release;
		};
		D07F3F8F29B7676E009D585F /* Debug */ = {
			isa = XCBuildConfiguration;
			buildSettings = {
				ASSETCATALOG_COMPILER_APPICON_NAME = AppIcon;
				ASSETCATALOG_COMPILER_GLOBAL_ACCENT_COLOR_NAME = AccentColor;
				CODE_SIGN_STYLE = Automatic;
				CURRENT_PROJECT_VERSION = 1;
				DEVELOPMENT_ASSET_PATHS = "\"HelloWorld/Preview Content\"";
				ENABLE_PREVIEWS = YES;
				GENERATE_INFOPLIST_FILE = YES;
				INFOPLIST_KEY_UIApplicationSceneManifest_Generation = YES;
				INFOPLIST_KEY_UIApplicationSupportsIndirectInputEvents = YES;
				INFOPLIST_KEY_UILaunchScreen_Generation = YES;
				INFOPLIST_KEY_UISupportedInterfaceOrientations_iPad = "UIInterfaceOrientationPortrait UIInterfaceOrientationPortraitUpsideDown UIInterfaceOrientationLandscapeLeft UIInterfaceOrientationLandscapeRight";
				INFOPLIST_KEY_UISupportedInterfaceOrientations_iPhone = "UIInterfaceOrientationPortrait UIInterfaceOrientationLandscapeLeft UIInterfaceOrientationLandscapeRight";
				LD_RUNPATH_SEARCH_PATHS = (
					"$(inherited)",
					"@executable_path/Frameworks",
				);
				MARKETING_VERSION = 1.0;
				PRODUCT_BUNDLE_IDENTIFIER = example.HelloWorld;
				PRODUCT_NAME = "$(TARGET_NAME)";
				SWIFT_EMIT_LOC_STRINGS = YES;
				SWIFT_VERSION = 5.0;
				TARGETED_DEVICE_FAMILY = "1,2";
			};
			name = Debug;
		};
		D07F3F9029B7676E009D585F /* Release */ = {
			isa = XCBuildConfiguration;
			buildSettings = {
				ASSETCATALOG_COMPILER_APPICON_NAME = AppIcon;
				ASSETCATALOG_COMPILER_GLOBAL_ACCENT_COLOR_NAME = AccentColor;
				CODE_SIGN_STYLE = Automatic;
				CURRENT_PROJECT_VERSION = 1;
				DEVELOPMENT_ASSET_PATHS = "\"HelloWorld/Preview Content\"";
				ENABLE_PREVIEWS = YES;
				GENERATE_INFOPLIST_FILE = YES;
				INFOPLIST_KEY_UIApplicationSceneManifest_Generation = YES;
				INFOPLIST_KEY_UIApplicationSupportsIndirectInputEvents = YES;
				INFOPLIST_KEY_UILaunchScreen_Generation = YES;
				INFOPLIST_KEY_UISupportedInterfaceOrientations_iPad = "UIInterfaceOrientationPortrait UIInterfaceOrientationPortraitUpsideDown UIInterfaceOrientationLandscapeLeft UIInterfaceOrientationLandscapeRight";
				INFOPLIST_KEY_UISupportedInterfaceOrientations_iPhone = "UIInterfaceOrientationPortrait UIInterfaceOrientationLandscapeLeft UIInterfaceOrientationLandscapeRight";
				LD_RUNPATH_SEARCH_PATHS = (
					"$(inherited)",
					"@executable_path/Frameworks",
				);
				MARKETING_VERSION = 1.0;
				PRODUCT_BUNDLE_IDENTIFIER = example.HelloWorld;
				PRODUCT_NAME = "$(TARGET_NAME)";
				SWIFT_EMIT_LOC_STRINGS = YES;
				SWIFT_VERSION = 5.0;
				TARGETED_DEVICE_FAMILY = "1,2";
			};
			name = Release;
		};
		D07F3F9229B7676E009D585F /* Debug */ = {
			isa = XCBuildConfiguration;
			buildSettings = {
				ALWAYS_EMBED_SWIFT_STANDARD_LIBRARIES = YES;
				BUNDLE_LOADER = "$(TEST_HOST)";
				CODE_SIGN_STYLE = Automatic;
				CURRENT_PROJECT_VERSION = 1;
				GENERATE_INFOPLIST_FILE = YES;
				IPHONEOS_DEPLOYMENT_TARGET = 16.2;
				MARKETING_VERSION = 1.0;
				PRODUCT_BUNDLE_IDENTIFIER = example.HelloWorldTests;
				PRODUCT_NAME = "$(TARGET_NAME)";
				SWIFT_EMIT_LOC_STRINGS = NO;
				SWIFT_VERSION = 5.0;
				TARGETED_DEVICE_FAMILY = "1,2";
				TEST_HOST = "$(BUILT_PRODUCTS_DIR)/HelloWorld.app/$(BUNDLE_EXECUTABLE_FOLDER_PATH)/HelloWorld";
			};
			name = Debug;
		};
		D07F3F9329B7676E009D585F /* Release */ = {
			isa = XCBuildConfiguration;
			buildSettings = {
				ALWAYS_EMBED_SWIFT_STANDARD_LIBRARIES = YES;
				BUNDLE_LOADER = "$(TEST_HOST)";
				CODE_SIGN_STYLE = Automatic;
				CURRENT_PROJECT_VERSION = 1;
				GENERATE_INFOPLIST_FILE = YES;
				IPHONEOS_DEPLOYMENT_TARGET = 16.2;
				MARKETING_VERSION = 1.0;
				PRODUCT_BUNDLE_IDENTIFIER = example.HelloWorldTests;
				PRODUCT_NAME = "$(TARGET_NAME)";
				SWIFT_EMIT_LOC_STRINGS = NO;
				SWIFT_VERSION = 5.0;
				TARGETED_DEVICE_FAMILY = "1,2";
				TEST_HOST = "$(BUILT_PRODUCTS_DIR)/HelloWorld.app/$(BUNDLE_EXECUTABLE_FOLDER_PATH)/HelloWorld";
			};
			name = Release;
		};
		D07F3F9529B7676E009D585F /* Debug */ = {
			isa = XCBuildConfiguration;
			buildSettings = {
				ALWAYS_EMBED_SWIFT_STANDARD_LIBRARIES = YES;
				CODE_SIGN_STYLE = Automatic;
				CURRENT_PROJECT_VERSION = 1;
				GENERATE_INFOPLIST_FILE = YES;
				MARKETING_VERSION = 1.0;
				PRODUCT_BUNDLE_IDENTIFIER = example.HelloWorldUITests;
				PRODUCT_NAME = "$(TARGET_NAME)";
				SWIFT_EMIT_LOC_STRINGS = NO;
				SWIFT_VERSION = 5.0;
				TARGETED_DEVICE_FAMILY = "1,2";
				TEST_TARGET_NAME = HelloWorld;
			};
			name = Debug;
		};
		D07F3F9629B7676E009D585F /* Release */ = {
			isa = XCBuildConfiguration;
			buildSettings = {
				ALWAYS_EMBED_SWIFT_STANDARD_LIBRARIES = YES;
				CODE_SIGN_STYLE = Automatic;
				CURRENT_PROJECT_VERSION = 1;
				GENERATE_INFOPLIST_FILE = YES;
				MARKETING_VERSION = 1.0;
				PRODUCT_BUNDLE_IDENTIFIER = example.HelloWorldUITests;
				PRODUCT_NAME = "$(TARGET_NAME)";
				SWIFT_EMIT_LOC_STRINGS = NO;
				SWIFT_VERSION = 5.0;
				TARGETED_DEVICE_FAMILY = "1,2";
				TEST_TARGET_NAME = HelloWorld;
			};
			name = Release;
		};
/* End XCBuildConfiguration section */

/* Begin XCConfigurationList section */
		D07F3F6529B7676A009D585F /* Build configuration list for PBXProject "HelloWorld" */ = {
			isa = XCConfigurationList;
			buildConfigurations = (
				D07F3F8C29B7676E009D585F /* Debug */,
				D07F3F8D29B7676E009D585F /* Release */,
			);
			defaultConfigurationIsVisible = 0;
			defaultConfigurationName = Release;
		};
		D07F3F8E29B7676E009D585F /* Build configuration list for PBXNativeTarget "HelloWorld" */ = {
			isa = XCConfigurationList;
			buildConfigurations = (
				D07F3F8F29B7676E009D585F /* Debug */,
				D07F3F9029B7676E009D585F /* Release */,
			);
			defaultConfigurationIsVisible = 0;
			defaultConfigurationName = Release;
		};
		D07F3F9129B7676E009D585F /* Build configuration list for PBXNativeTarget "HelloWorldTests" */ = {
			isa = XCConfigurationList;
			buildConfigurations = (
				D07F3F9229B7676E009D585F /* Debug */,
				D07F3F9329B7676E009D585F /* Release */,
			);
			defaultConfigurationIsVisible = 0;
			defaultConfigurationName = Release;
		};
		D07F3F9429B7676E009D585F /* Build configuration list for PBXNativeTarget "HelloWorldUITests" */ = {
			isa = XCConfigurationList;
			buildConfigurations = (
				D07F3F9529B7676E009D585F /* Debug */,
				D07F3F9629B7676E009D585F /* Release */,
			);
			defaultConfigurationIsVisible = 0;
			defaultConfigurationName = Release;
		};
/* End XCConfigurationList section */
	};
	rootObject = D07F3F6229B7676A009D585F /* Project object */;
}
